// !$*UTF8*$!
{
	archiveVersion = 1;
	classes = {
	};
	objectVersion = 46;
	objects = {

/* Begin PBXBuildFile section */
		DF7A7D881BF2EF5300FFDC40 /* main.m in Sources */ = {isa = PBXBuildFile; fileRef = DF7A7D871BF2EF5300FFDC40 /* main.m */; };
		DF7A7D8B1BF2EF5300FFDC40 /* AppDelegate.m in Sources */ = {isa = PBXBuildFile; fileRef = DF7A7D8A1BF2EF5300FFDC40 /* AppDelegate.m */; };
		DF7A7D8E1BF2EF5300FFDC40 /* ViewController.m in Sources */ = {isa = PBXBuildFile; fileRef = DF7A7D8D1BF2EF5300FFDC40 /* ViewController.m */; };
		DF7A7D911BF2EF5300FFDC40 /* Main.storyboard in Resources */ = {isa = PBXBuildFile; fileRef = DF7A7D8F1BF2EF5300FFDC40 /* Main.storyboard */; };
		DF7A7D931BF2EF5300FFDC40 /* Assets.xcassets in Resources */ = {isa = PBXBuildFile; fileRef = DF7A7D921BF2EF5300FFDC40 /* Assets.xcassets */; };
		DF7A7D961BF2EF5300FFDC40 /* LaunchScreen.storyboard in Resources */ = {isa = PBXBuildFile; fileRef = DF7A7D941BF2EF5300FFDC40 /* LaunchScreen.storyboard */; };
		DF7A7DA11BF2EF5300FFDC40 /* DownloadTests.m in Sources */ = {isa = PBXBuildFile; fileRef = DF7A7DA01BF2EF5300FFDC40 /* DownloadTests.m */; };
		DF7A7DAC1BF2EF5300FFDC40 /* DownloadUITests.m in Sources */ = {isa = PBXBuildFile; fileRef = DF7A7DAB1BF2EF5300FFDC40 /* DownloadUITests.m */; };
		DF7A7DBE1BF2F0D800FFDC40 /* Download.m in Sources */ = {isa = PBXBuildFile; fileRef = DF7A7DBD1BF2F0D800FFDC40 /* Download.m */; };
		DF7A7DC11BF3270F00FFDC40 /* DownloadManagment.m in Sources */ = {isa = PBXBuildFile; fileRef = DF7A7DC01BF3270F00FFDC40 /* DownloadManagment.m */; };
		DFD9806C1BF420EE00E9963E /* DownloadManagmentFinish.m in Sources */ = {isa = PBXBuildFile; fileRef = DFD9806B1BF420EE00E9963E /* DownloadManagmentFinish.m */; };
		DFD980721BF4217900E9963E /* DownloadingManagment.m in Sources */ = {isa = PBXBuildFile; fileRef = DFD980711BF4217900E9963E /* DownloadingManagment.m */; };
		DFD980741BF4232F00E9963E /* DownloadManagment.sqlite in Resources */ = {isa = PBXBuildFile; fileRef = DFD980731BF4232F00E9963E /* DownloadManagment.sqlite */; };
		DFFBC6611BF36A40009DC203 /* SqliteManager.m in Sources */ = {isa = PBXBuildFile; fileRef = DFFBC6601BF36A40009DC203 /* SqliteManager.m */; };
		DFFBC6631BF36A8C009DC203 /* libsqlite3.0.tbd in Frameworks */ = {isa = PBXBuildFile; fileRef = DFFBC6621BF36A8C009DC203 /* libsqlite3.0.tbd */; };
/* End PBXBuildFile section */

/* Begin PBXContainerItemProxy section */
		DF7A7D9D1BF2EF5300FFDC40 /* PBXContainerItemProxy */ = {
			isa = PBXContainerItemProxy;
			containerPortal = DF7A7D7B1BF2EF5300FFDC40 /* Project object */;
			proxyType = 1;
			remoteGlobalIDString = DF7A7D821BF2EF5300FFDC40;
			remoteInfo = Download;
		};
		DF7A7DA81BF2EF5300FFDC40 /* PBXContainerItemProxy */ = {
			isa = PBXContainerItemProxy;
			containerPortal = DF7A7D7B1BF2EF5300FFDC40 /* Project object */;
			proxyType = 1;
			remoteGlobalIDString = DF7A7D821BF2EF5300FFDC40;
			remoteInfo = Download;
		};
/* End PBXContainerItemProxy section */

/* Begin PBXFileReference section */
		DF7A7D831BF2EF5300FFDC40 /* Download.app */ = {isa = PBXFileReference; explicitFileType = wrapper.application; includeInIndex = 0; path = Download.app; sourceTree = BUILT_PRODUCTS_DIR; };
		DF7A7D871BF2EF5300FFDC40 /* main.m */ = {isa = PBXFileReference; lastKnownFileType = sourcecode.c.objc; path = main.m; sourceTree = "<group>"; };
		DF7A7D891BF2EF5300FFDC40 /* AppDelegate.h */ = {isa = PBXFileReference; lastKnownFileType = sourcecode.c.h; path = AppDelegate.h; sourceTree = "<group>"; };
		DF7A7D8A1BF2EF5300FFDC40 /* AppDelegate.m */ = {isa = PBXFileReference; lastKnownFileType = sourcecode.c.objc; path = AppDelegate.m; sourceTree = "<group>"; };
		DF7A7D8C1BF2EF5300FFDC40 /* ViewController.h */ = {isa = PBXFileReference; lastKnownFileType = sourcecode.c.h; path = ViewController.h; sourceTree = "<group>"; };
		DF7A7D8D1BF2EF5300FFDC40 /* ViewController.m */ = {isa = PBXFileReference; lastKnownFileType = sourcecode.c.objc; path = ViewController.m; sourceTree = "<group>"; };
		DF7A7D901BF2EF5300FFDC40 /* Base */ = {isa = PBXFileReference; lastKnownFileType = file.storyboard; name = Base; path = Base.lproj/Main.storyboard; sourceTree = "<group>"; };
		DF7A7D921BF2EF5300FFDC40 /* Assets.xcassets */ = {isa = PBXFileReference; lastKnownFileType = folder.assetcatalog; path = Assets.xcassets; sourceTree = "<group>"; };
		DF7A7D951BF2EF5300FFDC40 /* Base */ = {isa = PBXFileReference; lastKnownFileType = file.storyboard; name = Base; path = Base.lproj/LaunchScreen.storyboard; sourceTree = "<group>"; };
		DF7A7D971BF2EF5300FFDC40 /* Info.plist */ = {isa = PBXFileReference; lastKnownFileType = text.plist.xml; path = Info.plist; sourceTree = "<group>"; };
		DF7A7D9C1BF2EF5300FFDC40 /* DownloadTests.xctest */ = {isa = PBXFileReference; explicitFileType = wrapper.cfbundle; includeInIndex = 0; path = DownloadTests.xctest; sourceTree = BUILT_PRODUCTS_DIR; };
		DF7A7DA01BF2EF5300FFDC40 /* DownloadTests.m */ = {isa = PBXFileReference; lastKnownFileType = sourcecode.c.objc; path = DownloadTests.m; sourceTree = "<group>"; };
		DF7A7DA21BF2EF5300FFDC40 /* Info.plist */ = {isa = PBXFileReference; lastKnownFileType = text.plist.xml; path = Info.plist; sourceTree = "<group>"; };
		DF7A7DA71BF2EF5300FFDC40 /* DownloadUITests.xctest */ = {isa = PBXFileReference; explicitFileType = wrapper.cfbundle; includeInIndex = 0; path = DownloadUITests.xctest; sourceTree = BUILT_PRODUCTS_DIR; };
		DF7A7DAB1BF2EF5300FFDC40 /* DownloadUITests.m */ = {isa = PBXFileReference; lastKnownFileType = sourcecode.c.objc; path = DownloadUITests.m; sourceTree = "<group>"; };
		DF7A7DAD1BF2EF5300FFDC40 /* Info.plist */ = {isa = PBXFileReference; lastKnownFileType = text.plist.xml; path = Info.plist; sourceTree = "<group>"; };
		DF7A7DBC1BF2F0D800FFDC40 /* Download.h */ = {isa = PBXFileReference; fileEncoding = 4; lastKnownFileType = sourcecode.c.h; path = Download.h; sourceTree = "<group>"; };
		DF7A7DBD1BF2F0D800FFDC40 /* Download.m */ = {isa = PBXFileReference; fileEncoding = 4; lastKnownFileType = sourcecode.c.objc; path = Download.m; sourceTree = "<group>"; };
		DF7A7DBF1BF3270F00FFDC40 /* DownloadManagment.h */ = {isa = PBXFileReference; fileEncoding = 4; lastKnownFileType = sourcecode.c.h; path = DownloadManagment.h; sourceTree = "<group>"; };
		DF7A7DC01BF3270F00FFDC40 /* DownloadManagment.m */ = {isa = PBXFileReference; fileEncoding = 4; lastKnownFileType = sourcecode.c.objc; path = DownloadManagment.m; sourceTree = "<group>"; };
		DFD9806A1BF420EE00E9963E /* DownloadManagmentFinish.h */ = {isa = PBXFileReference; fileEncoding = 4; lastKnownFileType = sourcecode.c.h; path = DownloadManagmentFinish.h; sourceTree = "<group>"; };
		DFD9806B1BF420EE00E9963E /* DownloadManagmentFinish.m */ = {isa = PBXFileReference; fileEncoding = 4; lastKnownFileType = sourcecode.c.objc; path = DownloadManagmentFinish.m; sourceTree = "<group>"; };
		DFD980701BF4217900E9963E /* DownloadingManagment.h */ = {isa = PBXFileReference; fileEncoding = 4; lastKnownFileType = sourcecode.c.h; path = DownloadingManagment.h; sourceTree = "<group>"; };
		DFD980711BF4217900E9963E /* DownloadingManagment.m */ = {isa = PBXFileReference; fileEncoding = 4; lastKnownFileType = sourcecode.c.objc; path = DownloadingManagment.m; sourceTree = "<group>"; };
		DFD980731BF4232F00E9963E /* DownloadManagment.sqlite */ = {isa = PBXFileReference; lastKnownFileType = file; path = DownloadManagment.sqlite; sourceTree = "<group>"; };
		DFFBC65F1BF36A40009DC203 /* SqliteManager.h */ = {isa = PBXFileReference; fileEncoding = 4; lastKnownFileType = sourcecode.c.h; path = SqliteManager.h; sourceTree = "<group>"; };
		DFFBC6601BF36A40009DC203 /* SqliteManager.m */ = {isa = PBXFileReference; fileEncoding = 4; lastKnownFileType = sourcecode.c.objc; path = SqliteManager.m; sourceTree = "<group>"; };
		DFFBC6621BF36A8C009DC203 /* libsqlite3.0.tbd */ = {isa = PBXFileReference; lastKnownFileType = "sourcecode.text-based-dylib-definition"; name = libsqlite3.0.tbd; path = usr/lib/libsqlite3.0.tbd; sourceTree = SDKROOT; };
/* End PBXFileReference section */

/* Begin PBXFrameworksBuildPhase section */
		DF7A7D801BF2EF5300FFDC40 /* Frameworks */ = {
			isa = PBXFrameworksBuildPhase;
			buildActionMask = 2147483647;
			files = (
				DFFBC6631BF36A8C009DC203 /* libsqlite3.0.tbd in Frameworks */,
			);
			runOnlyForDeploymentPostprocessing = 0;
		};
		DF7A7D991BF2EF5300FFDC40 /* Frameworks */ = {
			isa = PBXFrameworksBuildPhase;
			buildActionMask = 2147483647;
			files = (
			);
			runOnlyForDeploymentPostprocessing = 0;
		};
		DF7A7DA41BF2EF5300FFDC40 /* Frameworks */ = {
			isa = PBXFrameworksBuildPhase;
			buildActionMask = 2147483647;
			files = (
			);
			runOnlyForDeploymentPostprocessing = 0;
		};
/* End PBXFrameworksBuildPhase section */

/* Begin PBXGroup section */
		DF7A7D7A1BF2EF5300FFDC40 = {
			isa = PBXGroup;
			children = (
				DFFBC6621BF36A8C009DC203 /* libsqlite3.0.tbd */,
				DF7A7D851BF2EF5300FFDC40 /* Download */,
				DF7A7D9F1BF2EF5300FFDC40 /* DownloadTests */,
				DF7A7DAA1BF2EF5300FFDC40 /* DownloadUITests */,
				DF7A7D841BF2EF5300FFDC40 /* Products */,
			);
			sourceTree = "<group>";
		};
		DF7A7D841BF2EF5300FFDC40 /* Products */ = {
			isa = PBXGroup;
			children = (
				DF7A7D831BF2EF5300FFDC40 /* Download.app */,
				DF7A7D9C1BF2EF5300FFDC40 /* DownloadTests.xctest */,
				DF7A7DA71BF2EF5300FFDC40 /* DownloadUITests.xctest */,
			);
			name = Products;
			sourceTree = "<group>";
		};
		DF7A7D851BF2EF5300FFDC40 /* Download */ = {
			isa = PBXGroup;
			children = (
				DF7A7D891BF2EF5300FFDC40 /* AppDelegate.h */,
				DF7A7D8A1BF2EF5300FFDC40 /* AppDelegate.m */,
				DF7A7D8C1BF2EF5300FFDC40 /* ViewController.h */,
				DF7A7D8D1BF2EF5300FFDC40 /* ViewController.m */,
				DF7A7DBF1BF3270F00FFDC40 /* DownloadManagment.h */,
				DF7A7DC01BF3270F00FFDC40 /* DownloadManagment.m */,
				DF7A7DBC1BF2F0D800FFDC40 /* Download.h */,
				DF7A7DBD1BF2F0D800FFDC40 /* Download.m */,
				DFFBC65F1BF36A40009DC203 /* SqliteManager.h */,
				DFFBC6601BF36A40009DC203 /* SqliteManager.m */,
				DFD9806A1BF420EE00E9963E /* DownloadManagmentFinish.h */,
				DFD9806B1BF420EE00E9963E /* DownloadManagmentFinish.m */,
				DFD980701BF4217900E9963E /* DownloadingManagment.h */,
				DFD980711BF4217900E9963E /* DownloadingManagment.m */,
				DFD980731BF4232F00E9963E /* DownloadManagment.sqlite */,
				DF7A7D8F1BF2EF5300FFDC40 /* Main.storyboard */,
				DF7A7D921BF2EF5300FFDC40 /* Assets.xcassets */,
				DF7A7D941BF2EF5300FFDC40 /* LaunchScreen.storyboard */,
				DF7A7D971BF2EF5300FFDC40 /* Info.plist */,
				DF7A7D861BF2EF5300FFDC40 /* Supporting Files */,
			);
			path = Download;
			sourceTree = "<group>";
		};
		DF7A7D861BF2EF5300FFDC40 /* Supporting Files */ = {
			isa = PBXGroup;
			children = (
				DF7A7D871BF2EF5300FFDC40 /* main.m */,
			);
			name = "Supporting Files";
			sourceTree = "<group>";
		};
		DF7A7D9F1BF2EF5300FFDC40 /* DownloadTests */ = {
			isa = PBXGroup;
			children = (
				DF7A7DA01BF2EF5300FFDC40 /* DownloadTests.m */,
				DF7A7DA21BF2EF5300FFDC40 /* Info.plist */,
			);
			path = DownloadTests;
			sourceTree = "<group>";
		};
		DF7A7DAA1BF2EF5300FFDC40 /* DownloadUITests */ = {
			isa = PBXGroup;
			children = (
				DF7A7DAB1BF2EF5300FFDC40 /* DownloadUITests.m */,
				DF7A7DAD1BF2EF5300FFDC40 /* Info.plist */,
			);
			path = DownloadUITests;
			sourceTree = "<group>";
		};
/* End PBXGroup section */

/* Begin PBXNativeTarget section */
		DF7A7D821BF2EF5300FFDC40 /* Download */ = {
			isa = PBXNativeTarget;
			buildConfigurationList = DF7A7DB01BF2EF5300FFDC40 /* Build configuration list for PBXNativeTarget "Download" */;
			buildPhases = (
				DF7A7D7F1BF2EF5300FFDC40 /* Sources */,
				DF7A7D801BF2EF5300FFDC40 /* Frameworks */,
				DF7A7D811BF2EF5300FFDC40 /* Resources */,
			);
			buildRules = (
			);
			dependencies = (
			);
			name = Download;
			productName = Download;
			productReference = DF7A7D831BF2EF5300FFDC40 /* Download.app */;
			productType = "com.apple.product-type.application";
		};
		DF7A7D9B1BF2EF5300FFDC40 /* DownloadTests */ = {
			isa = PBXNativeTarget;
			buildConfigurationList = DF7A7DB31BF2EF5300FFDC40 /* Build configuration list for PBXNativeTarget "DownloadTests" */;
			buildPhases = (
				DF7A7D981BF2EF5300FFDC40 /* Sources */,
				DF7A7D991BF2EF5300FFDC40 /* Frameworks */,
				DF7A7D9A1BF2EF5300FFDC40 /* Resources */,
			);
			buildRules = (
			);
			dependencies = (
				DF7A7D9E1BF2EF5300FFDC40 /* PBXTargetDependency */,
			);
			name = DownloadTests;
			productName = DownloadTests;
			productReference = DF7A7D9C1BF2EF5300FFDC40 /* DownloadTests.xctest */;
			productType = "com.apple.product-type.bundle.unit-test";
		};
		DF7A7DA61BF2EF5300FFDC40 /* DownloadUITests */ = {
			isa = PBXNativeTarget;
			buildConfigurationList = DF7A7DB61BF2EF5300FFDC40 /* Build configuration list for PBXNativeTarget "DownloadUITests" */;
			buildPhases = (
				DF7A7DA31BF2EF5300FFDC40 /* Sources */,
				DF7A7DA41BF2EF5300FFDC40 /* Frameworks */,
				DF7A7DA51BF2EF5300FFDC40 /* Resources */,
			);
			buildRules = (
			);
			dependencies = (
				DF7A7DA91BF2EF5300FFDC40 /* PBXTargetDependency */,
			);
			name = DownloadUITests;
			productName = DownloadUITests;
			productReference = DF7A7DA71BF2EF5300FFDC40 /* DownloadUITests.xctest */;
			productType = "com.apple.product-type.bundle.ui-testing";
		};
/* End PBXNativeTarget section */

/* Begin PBXProject section */
		DF7A7D7B1BF2EF5300FFDC40 /* Project object */ = {
			isa = PBXProject;
			attributes = {
				LastUpgradeCheck = 0710;
				ORGANIZATIONNAME = chenweijie;
				TargetAttributes = {
					DF7A7D821BF2EF5300FFDC40 = {
						CreatedOnToolsVersion = 7.1;
						DevelopmentTeam = 8F7333HQF4;
					};
					DF7A7D9B1BF2EF5300FFDC40 = {
						CreatedOnToolsVersion = 7.1;
						DevelopmentTeam = 8F7333HQF4;
						TestTargetID = DF7A7D821BF2EF5300FFDC40;
					};
					DF7A7DA61BF2EF5300FFDC40 = {
						CreatedOnToolsVersion = 7.1;
						DevelopmentTeam = 8F7333HQF4;
						TestTargetID = DF7A7D821BF2EF5300FFDC40;
					};
				};
			};
			buildConfigurationList = DF7A7D7E1BF2EF5300FFDC40 /* Build configuration list for PBXProject "Download" */;
			compatibilityVersion = "Xcode 3.2";
			developmentRegion = English;
			hasScannedForEncodings = 0;
			knownRegions = (
				en,
				Base,
			);
			mainGroup = DF7A7D7A1BF2EF5300FFDC40;
			productRefGroup = DF7A7D841BF2EF5300FFDC40 /* Products */;
			projectDirPath = "";
			projectRoot = "";
			targets = (
				DF7A7D821BF2EF5300FFDC40 /* Download */,
				DF7A7D9B1BF2EF5300FFDC40 /* DownloadTests */,
				DF7A7DA61BF2EF5300FFDC40 /* DownloadUITests */,
			);
		};
/* End PBXProject section */

/* Begin PBXResourcesBuildPhase section */
		DF7A7D811BF2EF5300FFDC40 /* Resources */ = {
			isa = PBXResourcesBuildPhase;
			buildActionMask = 2147483647;
			files = (
				DFD980741BF4232F00E9963E /* DownloadManagment.sqlite in Resources */,
				DF7A7D961BF2EF5300FFDC40 /* LaunchScreen.storyboard in Resources */,
				DF7A7D931BF2EF5300FFDC40 /* Assets.xcassets in Resources */,
				DF7A7D911BF2EF5300FFDC40 /* Main.storyboard in Resources */,
			);
			runOnlyForDeploymentPostprocessing = 0;
		};
		DF7A7D9A1BF2EF5300FFDC40 /* Resources */ = {
			isa = PBXResourcesBuildPhase;
			buildActionMask = 2147483647;
			files = (
			);
			runOnlyForDeploymentPostprocessing = 0;
		};
		DF7A7DA51BF2EF5300FFDC40 /* Resources */ = {
			isa = PBXResourcesBuildPhase;
			buildActionMask = 2147483647;
			files = (
			);
			runOnlyForDeploymentPostprocessing = 0;
		};
/* End PBXResourcesBuildPhase section */

/* Begin PBXSourcesBuildPhase section */
		DF7A7D7F1BF2EF5300FFDC40 /* Sources */ = {
			isa = PBXSourcesBuildPhase;
			buildActionMask = 2147483647;
			files = (
				DF7A7D8E1BF2EF5300FFDC40 /* ViewController.m in Sources */,
				DF7A7DBE1BF2F0D800FFDC40 /* Download.m in Sources */,
				DF7A7D8B1BF2EF5300FFDC40 /* AppDelegate.m in Sources */,
				DFD9806C1BF420EE00E9963E /* DownloadManagmentFinish.m in Sources */,
				DFFBC6611BF36A40009DC203 /* SqliteManager.m in Sources */,
				DF7A7D881BF2EF5300FFDC40 /* main.m in Sources */,
				DF7A7DC11BF3270F00FFDC40 /* DownloadManagment.m in Sources */,
				DFD980721BF4217900E9963E /* DownloadingManagment.m in Sources */,
			);
			runOnlyForDeploymentPostprocessing = 0;
		};
		DF7A7D981BF2EF5300FFDC40 /* Sources */ = {
			isa = PBXSourcesBuildPhase;
			buildActionMask = 2147483647;
			files = (
				DF7A7DA11BF2EF5300FFDC40 /* DownloadTests.m in Sources */,
			);
			runOnlyForDeploymentPostprocessing = 0;
		};
		DF7A7DA31BF2EF5300FFDC40 /* Sources */ = {
			isa = PBXSourcesBuildPhase;
			buildActionMask = 2147483647;
			files = (
				DF7A7DAC1BF2EF5300FFDC40 /* DownloadUITests.m in Sources */,
			);
			runOnlyForDeploymentPostprocessing = 0;
		};
/* End PBXSourcesBuildPhase section */

/* Begin PBXTargetDependency section */
		DF7A7D9E1BF2EF5300FFDC40 /* PBXTargetDependency */ = {
			isa = PBXTargetDependency;
			target = DF7A7D821BF2EF5300FFDC40 /* Download */;
			targetProxy = DF7A7D9D1BF2EF5300FFDC40 /* PBXContainerItemProxy */;
		};
		DF7A7DA91BF2EF5300FFDC40 /* PBXTargetDependency */ = {
			isa = PBXTargetDependency;
			target = DF7A7D821BF2EF5300FFDC40 /* Download */;
			targetProxy = DF7A7DA81BF2EF5300FFDC40 /* PBXContainerItemProxy */;
		};
/* End PBXTargetDependency section */

/* Begin PBXVariantGroup section */
		DF7A7D8F1BF2EF5300FFDC40 /* Main.storyboard */ = {
			isa = PBXVariantGroup;
			children = (
				DF7A7D901BF2EF5300FFDC40 /* Base */,
			);
			name = Main.storyboard;
			sourceTree = "<group>";
		};
		DF7A7D941BF2EF5300FFDC40 /* LaunchScreen.storyboard */ = {
			isa = PBXVariantGroup;
			children = (
				DF7A7D951BF2EF5300FFDC40 /* Base */,
			);
			name = LaunchScreen.storyboard;
			sourceTree = "<group>";
		};
/* End PBXVariantGroup section */

/* Begin XCBuildConfiguration section */
		DF7A7DAE1BF2EF5300FFDC40 /* Debug */ = {
			isa = XCBuildConfiguration;
			buildSettings = {
				ALWAYS_SEARCH_USER_PATHS = NO;
				CLANG_CXX_LANGUAGE_STANDARD = "gnu++0x";
				CLANG_CXX_LIBRARY = "libc++";
				CLANG_ENABLE_MODULES = YES;
				CLANG_ENABLE_OBJC_ARC = YES;
				CLANG_WARN_BOOL_CONVERSION = YES;
				CLANG_WARN_CONSTANT_CONVERSION = YES;
				CLANG_WARN_DIRECT_OBJC_ISA_USAGE = YES_ERROR;
				CLANG_WARN_EMPTY_BODY = YES;
				CLANG_WARN_ENUM_CONVERSION = YES;
				CLANG_WARN_INT_CONVERSION = YES;
				CLANG_WARN_OBJC_ROOT_CLASS = YES_ERROR;
				CLANG_WARN_UNREACHABLE_CODE = YES;
				CLANG_WARN__DUPLICATE_METHOD_MATCH = YES;
				"CODE_SIGN_IDENTITY[sdk=iphoneos*]" = "iPhone Developer";
				COPY_PHASE_STRIP = NO;
				DEBUG_INFORMATION_FORMAT = dwarf;
				ENABLE_STRICT_OBJC_MSGSEND = YES;
				ENABLE_TESTABILITY = YES;
				GCC_C_LANGUAGE_STANDARD = gnu99;
				GCC_DYNAMIC_NO_PIC = NO;
				GCC_NO_COMMON_BLOCKS = YES;
				GCC_OPTIMIZATION_LEVEL = 0;
				GCC_PREPROCESSOR_DEFINITIONS = (
					"DEBUG=1",
					"$(inherited)",
				);
				GCC_WARN_64_TO_32_BIT_CONVERSION = YES;
				GCC_WARN_ABOUT_RETURN_TYPE = YES_ERROR;
				GCC_WARN_UNDECLARED_SELECTOR = YES;
				GCC_WARN_UNINITIALIZED_AUTOS = YES_AGGRESSIVE;
				GCC_WARN_UNUSED_FUNCTION = YES;
				GCC_WARN_UNUSED_VARIABLE = YES;
				IPHONEOS_DEPLOYMENT_TARGET = 9.1;
				MTL_ENABLE_DEBUG_INFO = YES;
				ONLY_ACTIVE_ARCH = YES;
				SDKROOT = iphoneos;
			};
			name = Debug;
		};
		DF7A7DAF1BF2EF5300FFDC40 /* Release */ = {
			isa = XCBuildConfiguration;
			buildSettings = {
				ALWAYS_SEARCH_USER_PATHS = NO;
				CLANG_CXX_LANGUAGE_STANDARD = "gnu++0x";
				CLANG_CXX_LIBRARY = "libc++";
				CLANG_ENABLE_MODULES = YES;
				CLANG_ENABLE_OBJC_ARC = YES;
				CLANG_WARN_BOOL_CONVERSION = YES;
				CLANG_WARN_CONSTANT_CONVERSION = YES;
				CLANG_WARN_DIRECT_OBJC_ISA_USAGE = YES_ERROR;
				CLANG_WARN_EMPTY_BODY = YES;
				CLANG_WARN_ENUM_CONVERSION = YES;
				CLANG_WARN_INT_CONVERSION = YES;
				CLANG_WARN_OBJC_ROOT_CLASS = YES_ERROR;
				CLANG_WARN_UNREACHABLE_CODE = YES;
				CLANG_WARN__DUPLICATE_METHOD_MATCH = YES;
				"CODE_SIGN_IDENTITY[sdk=iphoneos*]" = "iPhone Developer";
				COPY_PHASE_STRIP = NO;
				DEBUG_INFORMATION_FORMAT = "dwarf-with-dsym";
				ENABLE_NS_ASSERTIONS = NO;
				ENABLE_STRICT_OBJC_MSGSEND = YES;
				GCC_C_LANGUAGE_STANDARD = gnu99;
				GCC_NO_COMMON_BLOCKS = YES;
				GCC_WARN_64_TO_32_BIT_CONVERSION = YES;
				GCC_WARN_ABOUT_RETURN_TYPE = YES_ERROR;
				GCC_WARN_UNDECLARED_SELECTOR = YES;
				GCC_WARN_UNINITIALIZED_AUTOS = YES_AGGRESSIVE;
				GCC_WARN_UNUSED_FUNCTION = YES;
				GCC_WARN_UNUSED_VARIABLE = YES;
				IPHONEOS_DEPLOYMENT_TARGET = 9.1;
				MTL_ENABLE_DEBUG_INFO = NO;
				SDKROOT = iphoneos;
				VALIDATE_PRODUCT = YES;
			};
			name = Release;
		};
		DF7A7DB11BF2EF5300FFDC40 /* Debug */ = {
			isa = XCBuildConfiguration;
			buildSettings = {
				ASSETCATALOG_COMPILER_APPICON_NAME = AppIcon;
				INFOPLIST_FILE = Download/Info.plist;
				LD_RUNPATH_SEARCH_PATHS = "$(inherited) @executable_path/Frameworks";
				PRODUCT_BUNDLE_IDENTIFIER = weijie.chen.Download;
				PRODUCT_NAME = "$(TARGET_NAME)";
			};
			name = Debug;
		};
		DF7A7DB21BF2EF5300FFDC40 /* Release */ = {
			isa = XCBuildConfiguration;
			buildSettings = {
				ASSETCATALOG_COMPILER_APPICON_NAME = AppIcon;
				INFOPLIST_FILE = Download/Info.plist;
				LD_RUNPATH_SEARCH_PATHS = "$(inherited) @executable_path/Frameworks";
				PRODUCT_BUNDLE_IDENTIFIER = weijie.chen.Download;
				PRODUCT_NAME = "$(TARGET_NAME)";
			};
			name = Release;
		};
		DF7A7DB41BF2EF5300FFDC40 /* Debug */ = {
			isa = XCBuildConfiguration;
			buildSettings = {
				BUNDLE_LOADER = "$(TEST_HOST)";
				INFOPLIST_FILE = DownloadTests/Info.plist;
				LD_RUNPATH_SEARCH_PATHS = "$(inherited) @executable_path/Frameworks @loader_path/Frameworks";
				PRODUCT_BUNDLE_IDENTIFIER = weijie.chen.DownloadTests;
				PRODUCT_NAME = "$(TARGET_NAME)";
				TEST_HOST = "$(BUILT_PRODUCTS_DIR)/Download.app/Download";
			};
			name = Debug;
		};
		DF7A7DB51BF2EF5300FFDC40 /* Release */ = {
			isa = XCBuildConfiguration;
			buildSettings = {
				BUNDLE_LOADER = "$(TEST_HOST)";
				INFOPLIST_FILE = DownloadTests/Info.plist;
				LD_RUNPATH_SEARCH_PATHS = "$(inherited) @executable_path/Frameworks @loader_path/Frameworks";
				PRODUCT_BUNDLE_IDENTIFIER = weijie.chen.DownloadTests;
				PRODUCT_NAME = "$(TARGET_NAME)";
				TEST_HOST = "$(BUILT_PRODUCTS_DIR)/Download.app/Download";
			};
			name = Release;
		};
		DF7A7DB71BF2EF5300FFDC40 /* Debug */ = {
			isa = XCBuildConfiguration;
			buildSettings = {
				INFOPLIST_FILE = DownloadUITests/Info.plist;
				LD_RUNPATH_SEARCH_PATHS = "$(inherited) @executable_path/Frameworks @loader_path/Frameworks";
				PRODUCT_BUNDLE_IDENTIFIER = weijie.chen.DownloadUITests;
				PRODUCT_NAME = "$(TARGET_NAME)";
				TEST_TARGET_NAME = Download;
				USES_XCTRUNNER = YES;
			};
			name = Debug;
		};
		DF7A7DB81BF2EF5300FFDC40 /* Release */ = {
			isa = XCBuildConfiguration;
			buildSettings = {
				INFOPLIST_FILE = DownloadUITests/Info.plist;
				LD_RUNPATH_SEARCH_PATHS = "$(inherited) @executable_path/Frameworks @loader_path/Frameworks";
				PRODUCT_BUNDLE_IDENTIFIER = weijie.chen.DownloadUITests;
				PRODUCT_NAME = "$(TARGET_NAME)";
				TEST_TARGET_NAME = Download;
				USES_XCTRUNNER = YES;
			};
			name = Release;
		};
/* End XCBuildConfiguration section */

/* Begin XCConfigurationList section */
		DF7A7D7E1BF2EF5300FFDC40 /* Build configuration list for PBXProject "Download" */ = {
			isa = XCConfigurationList;
			buildConfigurations = (
				DF7A7DAE1BF2EF5300FFDC40 /* Debug */,
				DF7A7DAF1BF2EF5300FFDC40 /* Release */,
			);
			defaultConfigurationIsVisible = 0;
			defaultConfigurationName = Release;
		};
		DF7A7DB01BF2EF5300FFDC40 /* Build configuration list for PBXNativeTarget "Download" */ = {
			isa = XCConfigurationList;
			buildConfigurations = (
				DF7A7DB11BF2EF5300FFDC40 /* Debug */,
				DF7A7DB21BF2EF5300FFDC40 /* Release */,
			);
			defaultConfigurationIsVisible = 0;
			defaultConfigurationName = Release;
		};
		DF7A7DB31BF2EF5300FFDC40 /* Build configuration list for PBXNativeTarget "DownloadTests" */ = {
			isa = XCConfigurationList;
			buildConfigurations = (
				DF7A7DB41BF2EF5300FFDC40 /* Debug */,
				DF7A7DB51BF2EF5300FFDC40 /* Release */,
			);
			defaultConfigurationIsVisible = 0;
			defaultConfigurationName = Release;
		};
		DF7A7DB61BF2EF5300FFDC40 /* Build configuration list for PBXNativeTarget "DownloadUITests" */ = {
			isa = XCConfigurationList;
			buildConfigurations = (
				DF7A7DB71BF2EF5300FFDC40 /* Debug */,
				DF7A7DB81BF2EF5300FFDC40 /* Release */,
			);
			defaultConfigurationIsVisible = 0;
			defaultConfigurationName = Release;
		};
/* End XCConfigurationList section */
	};
	rootObject = DF7A7D7B1BF2EF5300FFDC40 /* Project object */;
}
